{
  "name": "next-square-react-afterpay",
  "lockfileVersion": 2,
  "requires": true,
  "packages": {
    "": {
      "dependencies": {
        "@square/web-sdk": "^2.0.0",
        "next-transpile-modules": "^9.0.0",
        "react-square-web-payments-sdk": "^3.2.1",
        "square": "^19.1.0"
      }
    },
    "node_modules/@apimatic/convert-to-stream": {
      "version": "0.0.1",
      "resolved": "https://registry.npmjs.org/@apimatic/convert-to-stream/-/convert-to-stream-0.0.1.tgz",
      "integrity": "sha512-MT0t9Tcn23VlKLugzhe/q9QDcVbSXPaoH9i2qvNPZZ/JOVGNj8PZ/7z18FHMx+rW0XYegzPVjJVjwzNE8T+zSA=="
    },
    "node_modules/@apimatic/core": {
      "version": "0.7.6",
      "resolved": "https://registry.npmjs.org/@apimatic/core/-/core-0.7.6.tgz",
      "integrity": "sha512-FGlCnHZg4K08rXI+CblXIy4qqmgDozxPTWkodszuv3i7MfBeRLL2QaPFb5tzQf9hArfnl5+FVoZd8QlL6nsVjw==",
      "dependencies": {
        "@apimatic/convert-to-stream": "0.0.1",
        "@apimatic/json-bigint": "^1.2.0",
        "@apimatic/schema": "^0.6.0",
        "axios": "^0.21.1",
        "detect-browser": "^5.3.0",
        "detect-node": "^2.0.4",
        "form-data": "^3.0.0",
        "lodash.flatmap": "^4.5.0",
        "tiny-warning": "^1.0.3",
        "tslib": "^2.1.0"
      },
      "engines": {
        "node": ">=10.4.0"
      }
    },
    "node_modules/@apimatic/json-bigint": {
      "version": "1.2.0",
      "resolved": "https://registry.npmjs.org/@apimatic/json-bigint/-/json-bigint-1.2.0.tgz",
      "integrity": "sha512-+bmVzYMdZu0Ya5L+my4FXFUih54OvQA/qlZsFOYdOoostyUuB27UDrVWQs/WVCmS0ADdo5vTU0eeTrrBkHoySw=="
    },
    "node_modules/@apimatic/schema": {
      "version": "0.6.0",
      "resolved": "https://registry.npmjs.org/@apimatic/schema/-/schema-0.6.0.tgz",
      "integrity": "sha512-JgG32LQRLphHRWsn64vIt7wD2m+JH46swM6ZrY7g1rdiGiKV5m+A+TBrJKoUUQRmS14azMgePNZY30NauWqzLg==",
      "dependencies": {
        "tslib": "^2.1.0"
      },
      "engines": {
        "node": ">=10.4.0"
      }
    },
    "node_modules/@square/web-payments-sdk-types": {
      "version": "1.35.0",
      "resolved": "https://registry.npmjs.org/@square/web-payments-sdk-types/-/web-payments-sdk-types-1.35.0.tgz",
      "integrity": "sha512-FOQNVorlWo8HuVEasNF4lDdM22oQGkVa33G8ALhKklAVlJtC2HtBst0GRZENVdbUwiX1y4ROsopRG7P+I1wOuA==",
      "dependencies": {
        "typescript": "^4.1.0"
      }
    },
    "node_modules/@square/web-sdk": {
      "version": "2.0.0",
      "resolved": "https://registry.npmjs.org/@square/web-sdk/-/web-sdk-2.0.0.tgz",
      "integrity": "sha512-RrJb1/ne5Ew0/VsNtOI7oXeXK2gONNQxYPP5BAQZ9+uuIFb6eX0GXPkE6XMRy/JLqy1Nqta9Y35rPdBwolQCgQ==",
      "dependencies": {
        "@square/web-payments-sdk-types": "^1.1.1"
      },
      "engines": {
        "node": "^12.20.0 || ^14.13.1 || >=16.0.0"
      }
    },
    "node_modules/@stitches/react": {
      "version": "1.2.8",
      "resolved": "https://registry.npmjs.org/@stitches/react/-/react-1.2.8.tgz",
      "integrity": "sha512-9g9dWI4gsSVe8bNLlb+lMkBYsnIKCZTmvqvDG+Avnn69XfmHZKiaMrx7cgTaddq7aTPPmXiTsbFcUy0xgI4+wA==",
      "peerDependencies": {
        "react": ">= 16.3.0"
      }
    },
    "node_modules/@types/node": {
      "version": "14.18.21",
      "resolved": "https://registry.npmjs.org/@types/node/-/node-14.18.21.tgz",
      "integrity": "sha512-x5W9s+8P4XteaxT/jKF0PSb7XEvo5VmqEWgsMlyeY4ZlLK8I6aH6g5TPPyDlLAep+GYf4kefb7HFyc7PAO3m+Q=="
    },
    "node_modules/asynckit": {
      "version": "0.4.0",
      "resolved": "https://registry.npmjs.org/asynckit/-/asynckit-0.4.0.tgz",
      "integrity": "sha512-Oei9OH4tRh0YqU3GxhX79dM/mwVgvbZJaSNaRk+bshkj0S5cfHcgYakreBjrHwatXKbz+IoIdYLxrKim2MjW0Q=="
    },
    "node_modules/axios": {
      "version": "0.21.4",
      "resolved": "https://registry.npmjs.org/axios/-/axios-0.21.4.tgz",
      "integrity": "sha512-ut5vewkiu8jjGBdqpM44XxjuCjq9LAKeHVmoVfHVzy8eHgxxq8SbAVQNovDA8mVi05kP0Ea/n/UzcSHcTJQfNg==",
      "dependencies": {
        "follow-redirects": "^1.14.0"
      }
    },
    "node_modules/combined-stream": {
      "version": "1.0.8",
      "resolved": "https://registry.npmjs.org/combined-stream/-/combined-stream-1.0.8.tgz",
      "integrity": "sha512-FQN4MRfuJeHf7cBbBMJFXhKSDq+2kAArBlmRBvcvFE5BB1HZKXtSFASDhdlz9zOYwxh8lDdnvmMOe/+5cdoEdg==",
      "dependencies": {
        "delayed-stream": "~1.0.0"
      },
      "engines": {
        "node": ">= 0.8"
      }
    },
    "node_modules/delayed-stream": {
      "version": "1.0.0",
      "resolved": "https://registry.npmjs.org/delayed-stream/-/delayed-stream-1.0.0.tgz",
      "integrity": "sha512-ZySD7Nf91aLB0RxL4KGrKHBXl7Eds1DAmEdcoVawXnLD7SDhpNgtuII2aAkg7a7QS41jxPSZ17p4VdGnMHk3MQ==",
      "engines": {
        "node": ">=0.4.0"
      }
    },
    "node_modules/detect-browser": {
      "version": "5.3.0",
      "resolved": "https://registry.npmjs.org/detect-browser/-/detect-browser-5.3.0.tgz",
      "integrity": "sha512-53rsFbGdwMwlF7qvCt0ypLM5V5/Mbl0szB7GPN8y9NCcbknYOeVVXdrXEq+90IwAfrrzt6Hd+u2E2ntakICU8w=="
    },
    "node_modules/detect-node": {
      "version": "2.1.0",
      "resolved": "https://registry.npmjs.org/detect-node/-/detect-node-2.1.0.tgz",
      "integrity": "sha512-T0NIuQpnTvFDATNuHN5roPwSBG83rFsuO+MXXH9/3N1eFbn4wcPjttvjMLEPWJ0RGUYgQE7cGgS3tNxbqCGM7g=="
    },
    "node_modules/enhanced-resolve": {
      "version": "5.10.0",
      "resolved": "https://registry.npmjs.org/enhanced-resolve/-/enhanced-resolve-5.10.0.tgz",
      "integrity": "sha512-T0yTFjdpldGY8PmuXXR0PyQ1ufZpEGiHVrp7zHKB7jdR4qlmZHhONVM5AQOAWXuF/w3dnHbEQVrNptJgt7F+cQ==",
      "dependencies": {
        "graceful-fs": "^4.2.4",
        "tapable": "^2.2.0"
      },
      "engines": {
        "node": ">=10.13.0"
      }
    },
    "node_modules/escalade": {
      "version": "3.1.1",
      "resolved": "https://registry.npmjs.org/escalade/-/escalade-3.1.1.tgz",
      "integrity": "sha512-k0er2gUkLf8O0zKJiAhmkTnJlTvINGv7ygDNPbeIsX/TJjGJZHuh9B2UxbsaEkmlEo9MfhrSzmhIlhRlI2GXnw==",
      "engines": {
        "node": ">=6"
      }
    },
    "node_modules/follow-redirects": {
      "version": "1.15.1",
      "resolved": "https://registry.npmjs.org/follow-redirects/-/follow-redirects-1.15.1.tgz",
      "integrity": "sha512-yLAMQs+k0b2m7cVxpS1VKJVvoz7SS9Td1zss3XRwXj+ZDH00RJgnuLx7E44wx02kQLrdM3aOOy+FpzS7+8OizA==",
      "funding": [
        {
          "type": "individual",
          "url": "https://github.com/sponsors/RubenVerborgh"
        }
      ],
      "engines": {
        "node": ">=4.0"
      },
      "peerDependenciesMeta": {
        "debug": {
          "optional": true
        }
      }
    },
    "node_modules/form-data": {
      "version": "3.0.1",
      "resolved": "https://registry.npmjs.org/form-data/-/form-data-3.0.1.tgz",
      "integrity": "sha512-RHkBKtLWUVwd7SqRIvCZMEvAMoGUp0XU+seQiZejj0COz3RI3hWP4sCv3gZWWLjJTd7rGwcsF5eKZGii0r/hbg==",
      "dependencies": {
        "asynckit": "^0.4.0",
        "combined-stream": "^1.0.8",
        "mime-types": "^2.1.12"
      },
      "engines": {
        "node": ">= 6"
      }
    },
    "node_modules/graceful-fs": {
      "version": "4.2.10",
      "resolved": "https://registry.npmjs.org/graceful-fs/-/graceful-fs-4.2.10.tgz",
      "integrity": "sha512-9ByhssR2fPVsNZj478qUUbKfmL0+t5BDVyjShtyZZLiK7ZDAArFFfopyOTj0M05wE2tJPisA4iTnnXl2YoPvOA=="
    },
    "node_modules/js-tokens": {
      "version": "4.0.0",
      "resolved": "https://registry.npmjs.org/js-tokens/-/js-tokens-4.0.0.tgz",
      "integrity": "sha512-RdJUflcE3cUzKiMqQgsCu06FPu9UdIJO0beYbPhHN4k6apgJtifcoCtT9bcxOpYBtpD2kCM6Sbzg4CausW/PKQ==",
      "peer": true
    },
    "node_modules/lodash.flatmap": {
      "version": "4.5.0",
      "resolved": "https://registry.npmjs.org/lodash.flatmap/-/lodash.flatmap-4.5.0.tgz",
      "integrity": "sha512-/OcpcAGWlrZyoHGeHh3cAoa6nGdX6QYtmzNP84Jqol6UEQQ2gIaU3H+0eICcjcKGl0/XF8LWOujNn9lffsnaOg=="
    },
    "node_modules/loose-envify": {
      "version": "1.4.0",
      "resolved": "https://registry.npmjs.org/loose-envify/-/loose-envify-1.4.0.tgz",
      "integrity": "sha512-lyuxPGr/Wfhrlem2CL/UcnUc1zcqKAImBDzukY7Y5F/yQiNdko6+fRLevlw1HgMySw7f611UIY408EtxRSoK3Q==",
      "peer": true,
      "dependencies": {
        "js-tokens": "^3.0.0 || ^4.0.0"
      },
      "bin": {
        "loose-envify": "cli.js"
      }
    },
    "node_modules/mime-db": {
      "version": "1.52.0",
      "resolved": "https://registry.npmjs.org/mime-db/-/mime-db-1.52.0.tgz",
      "integrity": "sha512-sPU4uV7dYlvtWJxwwxHD0PuihVNiE7TyAbQ5SWxDCB9mUYvOgroQOwYQQOKPJ8CIbE+1ETVlOoK1UC2nU3gYvg==",
      "engines": {
        "node": ">= 0.6"
      }
    },
    "node_modules/mime-types": {
      "version": "2.1.35",
      "resolved": "https://registry.npmjs.org/mime-types/-/mime-types-2.1.35.tgz",
      "integrity": "sha512-ZDY+bPm5zTTF+YpCrAU9nK0UgICYPT0QtT1NZWFv4s++TNkcgVaT0g6+4R2uI4MjQjzysHB1zxuWL50hzaeXiw==",
      "dependencies": {
        "mime-db": "1.52.0"
      },
      "engines": {
        "node": ">= 0.6"
      }
    },
    "node_modules/next-transpile-modules": {
      "version": "9.0.0",
      "resolved": "https://registry.npmjs.org/next-transpile-modules/-/next-transpile-modules-9.0.0.tgz",
      "integrity": "sha512-VCNFOazIAnXn1hvgYYSTYMnoWgKgwlYh4lm1pKbSfiB3kj5ZYLcKVhfh3jkPOg1cnd9DP+pte9yCUocdPEUBTQ==",
      "dependencies": {
        "enhanced-resolve": "^5.7.0",
        "escalade": "^3.1.1"
      }
    },
    "node_modules/react": {
      "version": "18.2.0",
      "resolved": "https://registry.npmjs.org/react/-/react-18.2.0.tgz",
      "integrity": "sha512-/3IjMdb2L9QbBdWiW5e3P2/npwMBaU9mHCSCUzNln0ZCYbcfTsGbTJrU/kGemdH2IWmB2ioZ+zkxtmq6g09fGQ==",
      "peer": true,
      "dependencies": {
        "loose-envify": "^1.1.0"
      },
      "engines": {
        "node": ">=0.10.0"
      }
    },
    "node_modules/react-square-web-payments-sdk": {
      "version": "3.2.1",
      "resolved": "https://registry.npmjs.org/react-square-web-payments-sdk/-/react-square-web-payments-sdk-3.2.1.tgz",
      "integrity": "sha512-XhW4snpCfUNaVqS652dDWSWJd+r9OftkqmvP9hix5ISEV8Foo9QrGDe33t1w+uMIl9ox1EWlexGb0yDe8ZYamQ==",
      "dependencies": {
        "@square/web-sdk": "^2.0.0",
        "@stitches/react": "^1.2.8"
      },
      "peerDependencies": {
        "react": "^16 || ^17 || ^18"
      }
    },
    "node_modules/square": {
      "version": "19.1.0",
      "resolved": "https://registry.npmjs.org/square/-/square-19.1.0.tgz",
      "integrity": "sha512-xYZhegz6kAfrUzli/XFrdVUHe+WQ4Fd6azznT83uAs4pT5IXI1R/QelwOCerYAfQ55wFNz/uNblj0T3EqpL3VQ==",
      "dependencies": {
        "@apimatic/core": "^0.7.6",
        "@apimatic/json-bigint": "^1.2.0",
        "@apimatic/schema": "^0.6.0",
        "@types/node": "^14.14.30"
      },
      "engines": {
        "node": ">=10.4.0"
      }
    },
    "node_modules/tapable": {
      "version": "2.2.1",
      "resolved": "https://registry.npmjs.org/tapable/-/tapable-2.2.1.tgz",
      "integrity": "sha512-GNzQvQTOIP6RyTfE2Qxb8ZVlNmw0n88vp1szwWRimP02mnTsx3Wtn5qRdqY9w2XduFNUgvOwhNnQsjwCp+kqaQ==",
      "engines": {
        "node": ">=6"
      }
    },
    "node_modules/tiny-warning": {
      "version": "1.0.3",
      "resolved": "https://registry.npmjs.org/tiny-warning/-/tiny-warning-1.0.3.tgz",
      "integrity": "sha512-lBN9zLN/oAf68o3zNXYrdCt1kP8WsiGW8Oo2ka41b2IM5JL/S1CTyX1rW0mb/zSuJun0ZUrDxx4sqvYS2FWzPA=="
    },
    "node_modules/tslib": {
      "version": "2.4.0",
      "resolved": "https://registry.npmjs.org/tslib/-/tslib-2.4.0.tgz",
      "integrity": "sha512-d6xOpEDfsi2CZVlPQzGeux8XMwLT9hssAsaPYExaQMuYskwb+x1x7J371tWlbBdWHroy99KnVB6qIkUbs5X3UQ=="
    },
    "node_modules/typescript": {
      "version": "4.7.4",
      "resolved": "https://registry.npmjs.org/typescript/-/typescript-4.7.4.tgz",
      "integrity": "sha512-C0WQT0gezHuw6AdY1M2jxUO83Rjf0HP7Sk1DtXj6j1EwkQNZrHAg2XPWlq62oqEhYvONq5pkC2Y9oPljWToLmQ==",
      "bin": {
        "tsc": "bin/tsc",
        "tsserver": "bin/tsserver"
      },
      "engines": {
        "node": ">=4.2.0"
      }
    }
  },
  "dependencies": {
    "@apimatic/convert-to-stream": {
      "version": "0.0.1",
      "resolved": "https://registry.npmjs.org/@apimatic/convert-to-stream/-/convert-to-stream-0.0.1.tgz",
      "integrity": "sha512-MT0t9Tcn23VlKLugzhe/q9QDcVbSXPaoH9i2qvNPZZ/JOVGNj8PZ/7z18FHMx+rW0XYegzPVjJVjwzNE8T+zSA=="
    },
    "@apimatic/core": {
      "version": "0.7.6",
      "resolved": "https://registry.npmjs.org/@apimatic/core/-/core-0.7.6.tgz",
      "integrity": "sha512-FGlCnHZg4K08rXI+CblXIy4qqmgDozxPTWkodszuv3i7MfBeRLL2QaPFb5tzQf9hArfnl5+FVoZd8QlL6nsVjw==",
      "requires": {
        "@apimatic/convert-to-stream": "0.0.1",
        "@apimatic/json-bigint": "^1.2.0",
        "@apimatic/schema": "^0.6.0",
        "axios": "^0.21.1",
        "detect-browser": "^5.3.0",
        "detect-node": "^2.0.4",
        "form-data": "^3.0.0",
        "lodash.flatmap": "^4.5.0",
        "tiny-warning": "^1.0.3",
        "tslib": "^2.1.0"
      }
    },
    "@apimatic/json-bigint": {
      "version": "1.2.0",
      "resolved": "https://registry.npmjs.org/@apimatic/json-bigint/-/json-bigint-1.2.0.tgz",
      "integrity": "sha512-+bmVzYMdZu0Ya5L+my4FXFUih54OvQA/qlZsFOYdOoostyUuB27UDrVWQs/WVCmS0ADdo5vTU0eeTrrBkHoySw=="
    },
    "@apimatic/schema": {
      "version": "0.6.0",
      "resolved": "https://registry.npmjs.org/@apimatic/schema/-/schema-0.6.0.tgz",
      "integrity": "sha512-JgG32LQRLphHRWsn64vIt7wD2m+JH46swM6ZrY7g1rdiGiKV5m+A+TBrJKoUUQRmS14azMgePNZY30NauWqzLg==",
      "requires": {
        "tslib": "^2.1.0"
      }
    },
    "@square/web-payments-sdk-types": {
      "version": "1.35.0",
      "resolved": "https://registry.npmjs.org/@square/web-payments-sdk-types/-/web-payments-sdk-types-1.35.0.tgz",
      "integrity": "sha512-FOQNVorlWo8HuVEasNF4lDdM22oQGkVa33G8ALhKklAVlJtC2HtBst0GRZENVdbUwiX1y4ROsopRG7P+I1wOuA==",
      "requires": {
        "typescript": "^4.1.0"
      }
    },
    "@square/web-sdk": {
      "version": "2.0.0",
      "resolved": "https://registry.npmjs.org/@square/web-sdk/-/web-sdk-2.0.0.tgz",
      "integrity": "sha512-RrJb1/ne5Ew0/VsNtOI7oXeXK2gONNQxYPP5BAQZ9+uuIFb6eX0GXPkE6XMRy/JLqy1Nqta9Y35rPdBwolQCgQ==",
      "requires": {
        "@square/web-payments-sdk-types": "^1.1.1"
      }
    },
    "@stitches/react": {
      "version": "1.2.8",
      "resolved": "https://registry.npmjs.org/@stitches/react/-/react-1.2.8.tgz",
      "integrity": "sha512-9g9dWI4gsSVe8bNLlb+lMkBYsnIKCZTmvqvDG+Avnn69XfmHZKiaMrx7cgTaddq7aTPPmXiTsbFcUy0xgI4+wA==",
      "requires": {}
    },
    "@types/node": {
      "version": "14.18.21",
      "resolved": "https://registry.npmjs.org/@types/node/-/node-14.18.21.tgz",
      "integrity": "sha512-x5W9s+8P4XteaxT/jKF0PSb7XEvo5VmqEWgsMlyeY4ZlLK8I6aH6g5TPPyDlLAep+GYf4kefb7HFyc7PAO3m+Q=="
    },
    "asynckit": {
      "version": "0.4.0",
      "resolved": "https://registry.npmjs.org/asynckit/-/asynckit-0.4.0.tgz",
      "integrity": "sha512-Oei9OH4tRh0YqU3GxhX79dM/mwVgvbZJaSNaRk+bshkj0S5cfHcgYakreBjrHwatXKbz+IoIdYLxrKim2MjW0Q=="
    },
    "axios": {
      "version": "0.21.4",
      "resolved": "https://registry.npmjs.org/axios/-/axios-0.21.4.tgz",
      "integrity": "sha512-ut5vewkiu8jjGBdqpM44XxjuCjq9LAKeHVmoVfHVzy8eHgxxq8SbAVQNovDA8mVi05kP0Ea/n/UzcSHcTJQfNg==",
      "requires": {
        "follow-redirects": "^1.14.0"
      }
    },
    "combined-stream": {
      "version": "1.0.8",
      "resolved": "https://registry.npmjs.org/combined-stream/-/combined-stream-1.0.8.tgz",
      "integrity": "sha512-FQN4MRfuJeHf7cBbBMJFXhKSDq+2kAArBlmRBvcvFE5BB1HZKXtSFASDhdlz9zOYwxh8lDdnvmMOe/+5cdoEdg==",
      "requires": {
        "delayed-stream": "~1.0.0"
      }
    },
    "delayed-stream": {
      "version": "1.0.0",
      "resolved": "https://registry.npmjs.org/delayed-stream/-/delayed-stream-1.0.0.tgz",
      "integrity": "sha512-ZySD7Nf91aLB0RxL4KGrKHBXl7Eds1DAmEdcoVawXnLD7SDhpNgtuII2aAkg7a7QS41jxPSZ17p4VdGnMHk3MQ=="
    },
    "detect-browser": {
      "version": "5.3.0",
      "resolved": "https://registry.npmjs.org/detect-browser/-/detect-browser-5.3.0.tgz",
      "integrity": "sha512-53rsFbGdwMwlF7qvCt0ypLM5V5/Mbl0szB7GPN8y9NCcbknYOeVVXdrXEq+90IwAfrrzt6Hd+u2E2ntakICU8w=="
    },
    "detect-node": {
      "version": "2.1.0",
      "resolved": "https://registry.npmjs.org/detect-node/-/detect-node-2.1.0.tgz",
      "integrity": "sha512-T0NIuQpnTvFDATNuHN5roPwSBG83rFsuO+MXXH9/3N1eFbn4wcPjttvjMLEPWJ0RGUYgQE7cGgS3tNxbqCGM7g=="
    },
    "enhanced-resolve": {
      "version": "5.10.0",
      "resolved": "https://registry.npmjs.org/enhanced-resolve/-/enhanced-resolve-5.10.0.tgz",
      "integrity": "sha512-T0yTFjdpldGY8PmuXXR0PyQ1ufZpEGiHVrp7zHKB7jdR4qlmZHhONVM5AQOAWXuF/w3dnHbEQVrNptJgt7F+cQ==",
      "requires": {
        "graceful-fs": "^4.2.4",
        "tapable": "^2.2.0"
      }
    },
    "escalade": {
      "version": "3.1.1",
      "resolved": "https://registry.npmjs.org/escalade/-/escalade-3.1.1.tgz",
      "integrity": "sha512-k0er2gUkLf8O0zKJiAhmkTnJlTvINGv7ygDNPbeIsX/TJjGJZHuh9B2UxbsaEkmlEo9MfhrSzmhIlhRlI2GXnw=="
    },
    "follow-redirects": {
      "version": "1.15.1",
      "resolved": "https://registry.npmjs.org/follow-redirects/-/follow-redirects-1.15.1.tgz",
      "integrity": "sha512-yLAMQs+k0b2m7cVxpS1VKJVvoz7SS9Td1zss3XRwXj+ZDH00RJgnuLx7E44wx02kQLrdM3aOOy+FpzS7+8OizA=="
    },
    "form-data": {
      "version": "3.0.1",
      "resolved": "https://registry.npmjs.org/form-data/-/form-data-3.0.1.tgz",
      "integrity": "sha512-RHkBKtLWUVwd7SqRIvCZMEvAMoGUp0XU+seQiZejj0COz3RI3hWP4sCv3gZWWLjJTd7rGwcsF5eKZGii0r/hbg==",
      "requires": {
        "asynckit": "^0.4.0",
        "combined-stream": "^1.0.8",
        "mime-types": "^2.1.12"
      }
    },
    "graceful-fs": {
      "version": "4.2.10",
      "resolved": "https://registry.npmjs.org/graceful-fs/-/graceful-fs-4.2.10.tgz",
      "integrity": "sha512-9ByhssR2fPVsNZj478qUUbKfmL0+t5BDVyjShtyZZLiK7ZDAArFFfopyOTj0M05wE2tJPisA4iTnnXl2YoPvOA=="
    },
    "js-tokens": {
      "version": "4.0.0",
      "resolved": "https://registry.npmjs.org/js-tokens/-/js-tokens-4.0.0.tgz",
      "integrity": "sha512-RdJUflcE3cUzKiMqQgsCu06FPu9UdIJO0beYbPhHN4k6apgJtifcoCtT9bcxOpYBtpD2kCM6Sbzg4CausW/PKQ==",
      "peer": true
    },
    "lodash.flatmap": {
      "version": "4.5.0",
      "resolved": "https://registry.npmjs.org/lodash.flatmap/-/lodash.flatmap-4.5.0.tgz",
      "integrity": "sha512-/OcpcAGWlrZyoHGeHh3cAoa6nGdX6QYtmzNP84Jqol6UEQQ2gIaU3H+0eICcjcKGl0/XF8LWOujNn9lffsnaOg=="
    },
    "loose-envify": {
      "version": "1.4.0",
      "resolved": "https://registry.npmjs.org/loose-envify/-/loose-envify-1.4.0.tgz",
      "integrity": "sha512-lyuxPGr/Wfhrlem2CL/UcnUc1zcqKAImBDzukY7Y5F/yQiNdko6+fRLevlw1HgMySw7f611UIY408EtxRSoK3Q==",
      "peer": true,
      "requires": {
        "js-tokens": "^3.0.0 || ^4.0.0"
      }
    },
    "mime-db": {
      "version": "1.52.0",
      "resolved": "https://registry.npmjs.org/mime-db/-/mime-db-1.52.0.tgz",
      "integrity": "sha512-sPU4uV7dYlvtWJxwwxHD0PuihVNiE7TyAbQ5SWxDCB9mUYvOgroQOwYQQOKPJ8CIbE+1ETVlOoK1UC2nU3gYvg=="
    },
    "mime-types": {
      "version": "2.1.35",
      "resolved": "https://registry.npmjs.org/mime-types/-/mime-types-2.1.35.tgz",
      "integrity": "sha512-ZDY+bPm5zTTF+YpCrAU9nK0UgICYPT0QtT1NZWFv4s++TNkcgVaT0g6+4R2uI4MjQjzysHB1zxuWL50hzaeXiw==",
      "requires": {
        "mime-db": "1.52.0"
      }
    },
    "next-transpile-modules": {
      "version": "9.0.0",
      "resolved": "https://registry.npmjs.org/next-transpile-modules/-/next-transpile-modules-9.0.0.tgz",
      "integrity": "sha512-VCNFOazIAnXn1hvgYYSTYMnoWgKgwlYh4lm1pKbSfiB3kj5ZYLcKVhfh3jkPOg1cnd9DP+pte9yCUocdPEUBTQ==",
      "requires": {
        "enhanced-resolve": "^5.7.0",
        "escalade": "^3.1.1"
      }
    },
    "react": {
      "version": "18.2.0",
      "resolved": "https://registry.npmjs.org/react/-/react-18.2.0.tgz",
      "integrity": "sha512-/3IjMdb2L9QbBdWiW5e3P2/npwMBaU9mHCSCUzNln0ZCYbcfTsGbTJrU/kGemdH2IWmB2ioZ+zkxtmq6g09fGQ==",
      "peer": true,
      "requires": {
        "loose-envify": "^1.1.0"
      }
    },
    "react-square-web-payments-sdk": {
      "version": "3.2.1",
      "resolved": "https://registry.npmjs.org/react-square-web-payments-sdk/-/react-square-web-payments-sdk-3.2.1.tgz",
      "integrity": "sha512-XhW4snpCfUNaVqS652dDWSWJd+r9OftkqmvP9hix5ISEV8Foo9QrGDe33t1w+uMIl9ox1EWlexGb0yDe8ZYamQ==",
      "requires": {
        "@square/web-sdk": "^2.0.0",
        "@stitches/react": "^1.2.8"
      }
    },
    "square": {
      "version": "19.1.0",
      "resolved": "https://registry.npmjs.org/square/-/square-19.1.0.tgz",
      "integrity": "sha512-xYZhegz6kAfrUzli/XFrdVUHe+WQ4Fd6azznT83uAs4pT5IXI1R/QelwOCerYAfQ55wFNz/uNblj0T3EqpL3VQ==",
      "requires": {
        "@apimatic/core": "^0.7.6",
        "@apimatic/json-bigint": "^1.2.0",
        "@apimatic/schema": "^0.6.0",
        "@types/node": "^14.14.30"
      }
    },
    "tapable": {
      "version": "2.2.1",
      "resolved": "https://registry.npmjs.org/tapable/-/tapable-2.2.1.tgz",
      "integrity": "sha512-GNzQvQTOIP6RyTfE2Qxb8ZVlNmw0n88vp1szwWRimP02mnTsx3Wtn5qRdqY9w2XduFNUgvOwhNnQsjwCp+kqaQ=="
    },
    "tiny-warning": {
      "version": "1.0.3",
      "resolved": "https://registry.npmjs.org/tiny-warning/-/tiny-warning-1.0.3.tgz",
      "integrity": "sha512-lBN9zLN/oAf68o3zNXYrdCt1kP8WsiGW8Oo2ka41b2IM5JL/S1CTyX1rW0mb/zSuJun0ZUrDxx4sqvYS2FWzPA=="
    },
    "tslib": {
      "version": "2.4.0",
      "resolved": "https://registry.npmjs.org/tslib/-/tslib-2.4.0.tgz",
      "integrity": "sha512-d6xOpEDfsi2CZVlPQzGeux8XMwLT9hssAsaPYExaQMuYskwb+x1x7J371tWlbBdWHroy99KnVB6qIkUbs5X3UQ=="
    },
    "typescript": {
      "version": "4.7.4",
      "resolved": "https://registry.npmjs.org/typescript/-/typescript-4.7.4.tgz",
      "integrity": "sha512-C0WQT0gezHuw6AdY1M2jxUO83Rjf0HP7Sk1DtXj6j1EwkQNZrHAg2XPWlq62oqEhYvONq5pkC2Y9oPljWToLmQ=="
    }
  }
}
